<?xml version="1.0" encoding="utf-8"?>
<Project ToolsVersion="4.0" xmlns="http://schemas.microsoft.com/developer/msbuild/2003">
  <ItemGroup>
    <Filter Include="Razer">
      <UniqueIdentifier>{A91E020E-1533-2ABF-DEB4-CD1E4A8826F0}</UniqueIdentifier>
    </Filter>
  </ItemGroup>
  <ItemGroup>
    <ClInclude Include="src\Razer.h" />
    <ClInclude Include="src\Razer\Application.h">
      <Filter>Razer</Filter>
    </ClInclude>
    <ClInclude Include="src\Razer\Core.h">
      <Filter>Razer</Filter>
    </ClInclude>
    <ClInclude Include="src\Razer\EntryPoint.h">
      <Filter>Razer</Filter>
    </ClInclude>
    <ClInclude Include="src\Razer\Log.h">
      <Filter>Razer</Filter>
    </ClInclude>
  </ItemGroup>
  <ItemGroup>
    <ClCompile Include="src\Razer\Application.cpp">
      <Filter>Razer</Filter>
    </ClCompile>
    <ClCompile Include="src\Razer\Log.cpp">
      <Filter>Razer</Filter>
    </ClCompile>
  </ItemGroup>
</Project>